{
  "name": "flutter_smartschool",
  "version": "0.1.0",
  "lockfileVersion": 3,
  "requires": true,
  "packages": {
    "": {
      "name": "flutter_smartschool",
      "version": "0.1.0",
      "devDependencies": {
        "lefthook": "latest"
      }
    },
    "node_modules/lefthook": {
      "version": "2.1.5",
      "resolved": "https://registry.npmjs.org/lefthook/-/lefthook-2.1.5.tgz",
      "integrity": "sha512-yB9IFWurFllusbPZqvG0EavTmpNXPya2MuO7Li7YT78xAj3uCQ3AgmW9TVUbTTsSMhsegbiAMRpwfEk2TP1P0A==",
      "dev": true,
      "hasInstallScript": true,
      "license": "MIT",
      "bin": {
        "lefthook": "bin/index.js"
      },
      "optionalDependencies": {
        "lefthook-darwin-arm64": "2.1.5",
        "lefthook-darwin-x64": "2.1.5",
        "lefthook-freebsd-arm64": "2.1.5",
        "lefthook-freebsd-x64": "2.1.5",
        "lefthook-linux-arm64": "2.1.5",
        "lefthook-linux-x64": "2.1.5",
        "lefthook-openbsd-arm64": "2.1.5",
        "lefthook-openbsd-x64": "2.1.5",
        "lefthook-windows-arm64": "2.1.5",
        "lefthook-windows-x64": "2.1.5"
      }
    },
    "node_modules/lefthook-darwin-arm64": {
      "version": "2.1.5",
      "resolved": "https://registry.npmjs.org/lefthook-darwin-arm64/-/lefthook-darwin-arm64-2.1.5.tgz",
      "integrity": "sha512-VITTaw8PxxyE26gkZ8UcwIa5ZrWnKNRGLeeSrqri40cQdXvLTEoMq2tjjw7eiL9UcB0waRReDdzydevy9GOPUQ==",
      "cpu": [
        "arm64"
      ],
      "dev": true,
      "license": "MIT",
      "optional": true,
      "os": [
        "darwin"
      ]
    },
    "node_modules/lefthook-darwin-x64": {
      "version": "2.1.5",
      "resolved": "https://registry.npmjs.org/lefthook-darwin-x64/-/lefthook-darwin-x64-2.1.5.tgz",
      "integrity": "sha512-AvtjYiW0BSGHBGrdvL313seUymrW9FxI+6JJwJ+ZSaa2sH81etrTB0wAwlH1L9VfFwK9+gWvatZBvLfF3L4fPw==",
      "cpu": [
        "x64"
      ],
      "dev": true,
      "license": "MIT",
      "optional": true,
      "os": [
        "darwin"
      ]
    },
    "node_modules/lefthook-freebsd-arm64": {
      "version": "2.1.5",
      "resolved": "https://registry.npmjs.org/lefthook-freebsd-arm64/-/lefthook-freebsd-arm64-2.1.5.tgz",
      "integrity": "sha512-mXjJwe8jKGWGiBYUxfQY1ab3Nn5NhafqT9q3KJz8m5joGGQj4JD0cbWxF1nVBLBWsDGbWZRZunTCMGcIScT2bQ==",
      "cpu": [
        "arm64"
      ],
      "dev": true,
      "license": "MIT",
      "optional": true,
      "os": [
        "freebsd"
      ]
    },
    "node_modules/lefthook-freebsd-x64": {
      "version": "2.1.5",
      "resolved": "https://registry.npmjs.org/lefthook-freebsd-x64/-/lefthook-freebsd-x64-2.1.5.tgz",
      "integrity": "sha512-exD69dCjc1K45BxatDPGoH4NmEvgLKPm4kJLOWn1fTeHRKZwWiFPwnjknEoG2OemlCDHmCU++5X40kMEG0WBlA==",
      "cpu": [
        "x64"
      ],
      "dev": true,
      "license": "MIT",
      "optional": true,
      "os": [
        "freebsd"
      ]
    },
    "node_modules/lefthook-linux-arm64": {
      "version": "2.1.5",
      "resolved": "https://registry.npmjs.org/lefthook-linux-arm64/-/lefthook-linux-arm64-2.1.5.tgz",
      "integrity": "sha512-57TDKC5ewWpsCLZQKIJMHumFEObYKVundmPpiWhX491hINRZYYOL/26yrnVnNcidThRzTiTC+HLcuplLcaXtbA==",
      "cpu": [
        "arm64"
      ],
      "dev": true,
      "license": "MIT",
      "optional": true,
      "os": [
        "linux"
      ]
    },
    "node_modules/lefthook-linux-x64": {
      "version": "2.1.5",
      "resolved": "https://registry.npmjs.org/lefthook-linux-x64/-/lefthook-linux-x64-2.1.5.tgz",
      "integrity": "sha512-bqK3LrAB5l5YaCaoHk6qRWlITrGWzP4FbwRxA31elbxjd0wgNWZ2Sn3zEfSEcxz442g7/PPkEwqqsTx0kSFzpg==",
      "cpu": [
        "x64"
      ],
      "dev": true,
      "license": "MIT",
      "optional": true,
      "os": [
        "linux"
      ]
    },
    "node_modules/lefthook-openbsd-arm64": {
      "version": "2.1.5",
      "resolved": "https://registry.npmjs.org/lefthook-openbsd-arm64/-/lefthook-openbsd-arm64-2.1.5.tgz",
      "integrity": "sha512-5aSwK7vV3A6t0w9PnxCMiVjQlcvopBP50BtmnnLnNJyAYHnFbZ0Baq5M0WkE9IsUkWSux0fe6fd0jDkuG711MA==",
      "cpu": [
        "arm64"
      ],
      "dev": true,
      "license": "MIT",
      "optional": true,
      "os": [
        "openbsd"
      ]
    },
    "node_modules/lefthook-openbsd-x64": {
      "version": "2.1.5",
      "resolved": "https://registry.npmjs.org/lefthook-openbsd-x64/-/lefthook-openbsd-x64-2.1.5.tgz",
      "integrity": "sha512-Y+pPdDuENJ8qWnUgL02xxhpjblc0WnwXvWGfqnl3WZrAgHzQpwx3G6469RID/wlNVdHYAlw3a8UkFSMYsTzXvA==",
      "cpu": [
        "x64"
      ],
      "dev": true,
      "license": "MIT",
      "optional": true,
      "os": [
        "openbsd"
      ]
    },
    "node_modules/lefthook-windows-arm64": {
      "version": "2.1.5",
      "resolved": "https://registry.npmjs.org/lefthook-windows-arm64/-/lefthook-windows-arm64-2.1.5.tgz",
      "integrity": "sha512-2PlcFBjTzJaMufw0c28kfhB/0zmaRCU0TRPPsil/HU2YNOExod4upPGLk9qjgsOmb2YVWFz6zq6u7+D1yqmzTQ==",
      "cpu": [
        "arm64"
      ],
      "dev": true,
      "license": "MIT",
      "optional": true,
      "os": [
        "win32"
      ]
    },
    "node_modules/lefthook-windows-x64": {
      "version": "2.1.5",
      "resolved": "https://registry.npmjs.org/lefthook-windows-x64/-/lefthook-windows-x64-2.1.5.tgz",
      "integrity": "sha512-yiAh8qxml6uqy10jDxOdN9fOQpyLxBFY1fgCEAhn7sVJYmJKRhjqSBwZX6LG5MQjzr29KStrIdw7TR3lf3rT7Q==",
      "cpu": [
        "x64"
      ],
      "dev": true,
      "license": "MIT",
      "optional": true,
      "os": [
        "win32"
      ]
    }
  }
}
